// !$*UTF8*$!
{
	archiveVersion = 1;
	classes = {
	};
	objectVersion = 46;
	objects = {

/* Begin PBXBuildFile section */
		3E3095BA1FCDEA6300719144 /* FirebaseManager.swift in Sources */ = {isa = PBXBuildFile; fileRef = 3E3095B91FCDEA6300719144 /* FirebaseManager.swift */; };
		3E3095BC1FCDED8F00719144 /* FirebaseListner.swift in Sources */ = {isa = PBXBuildFile; fileRef = 3E3095BB1FCDED8F00719144 /* FirebaseListner.swift */; };
		3E33DD701FD55ABE00831D88 /* BranchesTableViewCell.swift in Sources */ = {isa = PBXBuildFile; fileRef = 3E33DD6F1FD55ABE00831D88 /* BranchesTableViewCell.swift */; };
		3E4A9F921FD4936B00C9A2AF /* BranchesViewController.swift in Sources */ = {isa = PBXBuildFile; fileRef = 3E4A9F911FD4936B00C9A2AF /* BranchesViewController.swift */; };
		3E4FADBB1FA49EF7007F26D6 /* LevelView.swift in Sources */ = {isa = PBXBuildFile; fileRef = 3E4FADBA1FA49EF7007F26D6 /* LevelView.swift */; };
		3E87C7FB1FFD117B00F4710E /* ProgressView.swift in Sources */ = {isa = PBXBuildFile; fileRef = 3E87C7FA1FFD117B00F4710E /* ProgressView.swift */; };
		3EAAD63D1F5C19D600ED5EDD /* SingUpViewController.swift in Sources */ = {isa = PBXBuildFile; fileRef = 3EAAD63C1F5C19D600ED5EDD /* SingUpViewController.swift */; };
		3EAAD63F1F5C19E100ED5EDD /* AccountViewController.swift in Sources */ = {isa = PBXBuildFile; fileRef = 3EAAD63E1F5C19E100ED5EDD /* AccountViewController.swift */; };
		3EAAD6411F5C19E800ED5EDD /* LoginViewController.swift in Sources */ = {isa = PBXBuildFile; fileRef = 3EAAD6401F5C19E800ED5EDD /* LoginViewController.swift */; };
		3EAAD6431F5C1A0F00ED5EDD /* AppDelegate.swift in Sources */ = {isa = PBXBuildFile; fileRef = 3EAAD6421F5C1A0F00ED5EDD /* AppDelegate.swift */; };
		3EAAD6451F5C1A3C00ED5EDD /* Main.storyboard in Resources */ = {isa = PBXBuildFile; fileRef = 3EAAD6441F5C1A3C00ED5EDD /* Main.storyboard */; };
		3EB799E11FCEDC0A0075504F /* EMExperience.swift in Sources */ = {isa = PBXBuildFile; fileRef = 3EB799E01FCEDC0A0075504F /* EMExperience.swift */; };
		3EB799E31FCEE2710075504F /* EMObject.swift in Sources */ = {isa = PBXBuildFile; fileRef = 3EB799E21FCEE2710075504F /* EMObject.swift */; };
		3ECB84BD1FCE18AE00B4A4E1 /* KeychainWrapper.m in Sources */ = {isa = PBXBuildFile; fileRef = 3ECB84BB1FCE18AD00B4A4E1 /* KeychainWrapper.m */; };
		3ECB84BF1FCE193400B4A4E1 /* EMUser.swift in Sources */ = {isa = PBXBuildFile; fileRef = 3ECB84BE1FCE193400B4A4E1 /* EMUser.swift */; };
		3ECB84C41FCE1B3F00B4A4E1 /* Template.m in Sources */ = {isa = PBXBuildFile; fileRef = 3ECB84C31FCE1B3E00B4A4E1 /* Template.m */; };
		3EE69FF41F5C173900C9D86D /* OnWire.xcdatamodeld in Sources */ = {isa = PBXBuildFile; fileRef = 3EE69FF21F5C173900C9D86D /* OnWire.xcdatamodeld */; };
		3EE69FF61F5C173900C9D86D /* Assets.xcassets in Resources */ = {isa = PBXBuildFile; fileRef = 3EE69FF51F5C173900C9D86D /* Assets.xcassets */; };
		3EE69FF91F5C173900C9D86D /* LaunchScreen.storyboard in Resources */ = {isa = PBXBuildFile; fileRef = 3EE69FF71F5C173900C9D86D /* LaunchScreen.storyboard */; };
		3EE6A0011F5C179400C9D86D /* GoogleService-Info.plist in Resources */ = {isa = PBXBuildFile; fileRef = 3EE6A0001F5C179400C9D86D /* GoogleService-Info.plist */; };
		463485F5972169C5FAB1BF0B /* Pods_OnWire.framework in Frameworks */ = {isa = PBXBuildFile; fileRef = 9D3BEA02D5DE779DC6D9E9F7 /* Pods_OnWire.framework */; };
/* End PBXBuildFile section */

/* Begin PBXFileReference section */
		3E3095B91FCDEA6300719144 /* FirebaseManager.swift */ = {isa = PBXFileReference; lastKnownFileType = sourcecode.swift; path = FirebaseManager.swift; sourceTree = "<group>"; };
		3E3095BB1FCDED8F00719144 /* FirebaseListner.swift */ = {isa = PBXFileReference; lastKnownFileType = sourcecode.swift; path = FirebaseListner.swift; sourceTree = "<group>"; };
		3E33DD6F1FD55ABE00831D88 /* BranchesTableViewCell.swift */ = {isa = PBXFileReference; lastKnownFileType = sourcecode.swift; path = BranchesTableViewCell.swift; sourceTree = "<group>"; };
		3E4A9F911FD4936B00C9A2AF /* BranchesViewController.swift */ = {isa = PBXFileReference; lastKnownFileType = sourcecode.swift; path = BranchesViewController.swift; sourceTree = "<group>"; };
		3E4FADBA1FA49EF7007F26D6 /* LevelView.swift */ = {isa = PBXFileReference; lastKnownFileType = sourcecode.swift; path = LevelView.swift; sourceTree = "<group>"; };
		3E87C7FA1FFD117B00F4710E /* ProgressView.swift */ = {isa = PBXFileReference; lastKnownFileType = sourcecode.swift; path = ProgressView.swift; sourceTree = "<group>"; };
		3EAAD63C1F5C19D600ED5EDD /* SingUpViewController.swift */ = {isa = PBXFileReference; fileEncoding = 4; lastKnownFileType = sourcecode.swift; path = SingUpViewController.swift; sourceTree = "<group>"; };
		3EAAD63E1F5C19E100ED5EDD /* AccountViewController.swift */ = {isa = PBXFileReference; fileEncoding = 4; lastKnownFileType = sourcecode.swift; path = AccountViewController.swift; sourceTree = "<group>"; };
		3EAAD6401F5C19E800ED5EDD /* LoginViewController.swift */ = {isa = PBXFileReference; fileEncoding = 4; lastKnownFileType = sourcecode.swift; path = LoginViewController.swift; sourceTree = "<group>"; };
		3EAAD6421F5C1A0F00ED5EDD /* AppDelegate.swift */ = {isa = PBXFileReference; fileEncoding = 4; lastKnownFileType = sourcecode.swift; path = AppDelegate.swift; sourceTree = "<group>"; };
		3EAAD6441F5C1A3C00ED5EDD /* Main.storyboard */ = {isa = PBXFileReference; fileEncoding = 4; lastKnownFileType = file.storyboard; path = Main.storyboard; sourceTree = "<group>"; };
		3EB799E01FCEDC0A0075504F /* EMExperience.swift */ = {isa = PBXFileReference; lastKnownFileType = sourcecode.swift; path = EMExperience.swift; sourceTree = "<group>"; };
		3EB799E21FCEE2710075504F /* EMObject.swift */ = {isa = PBXFileReference; lastKnownFileType = sourcecode.swift; path = EMObject.swift; sourceTree = "<group>"; };
		3ECB84BA1FCE18AD00B4A4E1 /* OnWire-Bridging-Header.h */ = {isa = PBXFileReference; lastKnownFileType = sourcecode.c.h; path = "OnWire-Bridging-Header.h"; sourceTree = "<group>"; };
		3ECB84BB1FCE18AD00B4A4E1 /* KeychainWrapper.m */ = {isa = PBXFileReference; fileEncoding = 4; lastKnownFileType = sourcecode.c.objc; name = KeychainWrapper.m; path = "../../Attendance-Manager/Attendance Manager/KeychainWrapper.m"; sourceTree = "<group>"; };
		3ECB84BC1FCE18AE00B4A4E1 /* KeychainWrapper.h */ = {isa = PBXFileReference; fileEncoding = 4; lastKnownFileType = sourcecode.c.h; name = KeychainWrapper.h; path = "../../Attendance-Manager/Attendance Manager/KeychainWrapper.h"; sourceTree = "<group>"; };
		3ECB84BE1FCE193400B4A4E1 /* EMUser.swift */ = {isa = PBXFileReference; lastKnownFileType = sourcecode.swift; path = EMUser.swift; sourceTree = "<group>"; };
		3ECB84C21FCE1B3E00B4A4E1 /* Template.h */ = {isa = PBXFileReference; fileEncoding = 4; lastKnownFileType = sourcecode.c.h; name = Template.h; path = "../../Attendance-Manager/Attendance Manager/Template.h"; sourceTree = "<group>"; };
		3ECB84C31FCE1B3E00B4A4E1 /* Template.m */ = {isa = PBXFileReference; fileEncoding = 4; lastKnownFileType = sourcecode.c.objc; name = Template.m; path = "../../Attendance-Manager/Attendance Manager/Template.m"; sourceTree = "<group>"; };
		3EE69FE81F5C173900C9D86D /* OnWire.app */ = {isa = PBXFileReference; explicitFileType = wrapper.application; includeInIndex = 0; path = OnWire.app; sourceTree = BUILT_PRODUCTS_DIR; };
		3EE69FF31F5C173900C9D86D /* OnWire.xcdatamodel */ = {isa = PBXFileReference; lastKnownFileType = wrapper.xcdatamodel; path = OnWire.xcdatamodel; sourceTree = "<group>"; };
		3EE69FF51F5C173900C9D86D /* Assets.xcassets */ = {isa = PBXFileReference; lastKnownFileType = folder.assetcatalog; path = Assets.xcassets; sourceTree = "<group>"; };
		3EE69FF81F5C173900C9D86D /* Base */ = {isa = PBXFileReference; lastKnownFileType = file.storyboard; name = Base; path = Base.lproj/LaunchScreen.storyboard; sourceTree = "<group>"; };
		3EE69FFA1F5C173900C9D86D /* Info.plist */ = {isa = PBXFileReference; lastKnownFileType = text.plist.xml; path = Info.plist; sourceTree = "<group>"; };
		3EE6A0001F5C179400C9D86D /* GoogleService-Info.plist */ = {isa = PBXFileReference; fileEncoding = 4; lastKnownFileType = text.plist.xml; path = "GoogleService-Info.plist"; sourceTree = "<group>"; };
		647294EC7E2470F6AA34778B /* Pods-OnWire.debug.xcconfig */ = {isa = PBXFileReference; includeInIndex = 1; lastKnownFileType = text.xcconfig; name = "Pods-OnWire.debug.xcconfig"; path = "Pods/Target Support Files/Pods-OnWire/Pods-OnWire.debug.xcconfig"; sourceTree = "<group>"; };
		7EB129F554B81174AFF6076C /* Pods-OnWire.release.xcconfig */ = {isa = PBXFileReference; includeInIndex = 1; lastKnownFileType = text.xcconfig; name = "Pods-OnWire.release.xcconfig"; path = "Pods/Target Support Files/Pods-OnWire/Pods-OnWire.release.xcconfig"; sourceTree = "<group>"; };
		9D3BEA02D5DE779DC6D9E9F7 /* Pods_OnWire.framework */ = {isa = PBXFileReference; explicitFileType = wrapper.framework; includeInIndex = 0; path = Pods_OnWire.framework; sourceTree = BUILT_PRODUCTS_DIR; };
/* End PBXFileReference section */

/* Begin PBXFrameworksBuildPhase section */
		3EE69FE51F5C173900C9D86D /* Frameworks */ = {
			isa = PBXFrameworksBuildPhase;
			buildActionMask = 2147483647;
			files = (
				463485F5972169C5FAB1BF0B /* Pods_OnWire.framework in Frameworks */,
			);
			runOnlyForDeploymentPostprocessing = 0;
		};
/* End PBXFrameworksBuildPhase section */

/* Begin PBXGroup section */
		3EAAD63B1F5C19B500ED5EDD /* ViewControllers */ = {
			isa = PBXGroup;
			children = (
				3E4A9F911FD4936B00C9A2AF /* BranchesViewController.swift */,
				3EAAD63C1F5C19D600ED5EDD /* SingUpViewController.swift */,
				3EAAD63E1F5C19E100ED5EDD /* AccountViewController.swift */,
				3EAAD6401F5C19E800ED5EDD /* LoginViewController.swift */,
			);
			name = ViewControllers;
			sourceTree = "<group>";
		};
		3EB799D81FCED82D0075504F /* Firebase */ = {
			isa = PBXGroup;
			children = (
				3E3095B91FCDEA6300719144 /* FirebaseManager.swift */,
				3E3095BB1FCDED8F00719144 /* FirebaseListner.swift */,
			);
			name = Firebase;
			sourceTree = "<group>";
		};
		3EB799D91FCED8420075504F /* Classes */ = {
			isa = PBXGroup;
			children = (
				3E33DD6F1FD55ABE00831D88 /* BranchesTableViewCell.swift */,
				3EB799E01FCEDC0A0075504F /* EMExperience.swift */,
				3EB799E21FCEE2710075504F /* EMObject.swift */,
				3EAAD6421F5C1A0F00ED5EDD /* AppDelegate.swift */,
				3E4FADBA1FA49EF7007F26D6 /* LevelView.swift */,
				3E87C7FA1FFD117B00F4710E /* ProgressView.swift */,
				3ECB84BE1FCE193400B4A4E1 /* EMUser.swift */,
			);
			name = Classes;
			sourceTree = "<group>";
		};
		3EB799DA1FCED8570075504F /* Objective-C */ = {
			isa = PBXGroup;
			children = (
			);
			name = "Objective-C";
			sourceTree = "<group>";
		};
		3EE69FDF1F5C173900C9D86D = {
			isa = PBXGroup;
			children = (
				3EE69FEA1F5C173900C9D86D /* OnWire */,
				3EE69FE91F5C173900C9D86D /* Products */,
				9353F7AAE1929EB9EAEDB309 /* Pods */,
				97355FFDAB4C07C2001867CE /* Frameworks */,
			);
			sourceTree = "<group>";
		};
		3EE69FE91F5C173900C9D86D /* Products */ = {
			isa = PBXGroup;
			children = (
				3EE69FE81F5C173900C9D86D /* OnWire.app */,
			);
			name = Products;
			sourceTree = "<group>";
		};
		3EE69FEA1F5C173900C9D86D /* OnWire */ = {
			isa = PBXGroup;
			children = (
				3EB799DA1FCED8570075504F /* Objective-C */,
				3EAAD63B1F5C19B500ED5EDD /* ViewControllers */,
				3EB799D81FCED82D0075504F /* Firebase */,
				3EB799D91FCED8420075504F /* Classes */,
				3ECB84C21FCE1B3E00B4A4E1 /* Template.h */,
				3ECB84C31FCE1B3E00B4A4E1 /* Template.m */,
				3ECB84BC1FCE18AE00B4A4E1 /* KeychainWrapper.h */,
				3ECB84BB1FCE18AD00B4A4E1 /* KeychainWrapper.m */,
				3EE69FF51F5C173900C9D86D /* Assets.xcassets */,
				3EAAD6441F5C1A3C00ED5EDD /* Main.storyboard */,
				3EE69FF71F5C173900C9D86D /* LaunchScreen.storyboard */,
				3EE69FFA1F5C173900C9D86D /* Info.plist */,
				3EE6A0001F5C179400C9D86D /* GoogleService-Info.plist */,
				3EE69FF21F5C173900C9D86D /* OnWire.xcdatamodeld */,
				3ECB84BA1FCE18AD00B4A4E1 /* OnWire-Bridging-Header.h */,
			);
			path = OnWire;
			sourceTree = "<group>";
		};
		9353F7AAE1929EB9EAEDB309 /* Pods */ = {
			isa = PBXGroup;
			children = (
				647294EC7E2470F6AA34778B /* Pods-OnWire.debug.xcconfig */,
				7EB129F554B81174AFF6076C /* Pods-OnWire.release.xcconfig */,
			);
			name = Pods;
			sourceTree = "<group>";
		};
		97355FFDAB4C07C2001867CE /* Frameworks */ = {
			isa = PBXGroup;
			children = (
				9D3BEA02D5DE779DC6D9E9F7 /* Pods_OnWire.framework */,
			);
			name = Frameworks;
			sourceTree = "<group>";
		};
/* End PBXGroup section */

/* Begin PBXNativeTarget section */
		3EE69FE71F5C173900C9D86D /* OnWire */ = {
			isa = PBXNativeTarget;
			buildConfigurationList = 3EE69FFD1F5C173900C9D86D /* Build configuration list for PBXNativeTarget "OnWire" */;
			buildPhases = (
				9910E3B27775C095303478CB /* [CP] Check Pods Manifest.lock */,
				3EE69FE41F5C173900C9D86D /* Sources */,
				3EE69FE51F5C173900C9D86D /* Frameworks */,
				3EE69FE61F5C173900C9D86D /* Resources */,
				3948EB991B1C4B34F11E608B /* [CP] Embed Pods Frameworks */,
				A91A1B027DAA927E52649535 /* [CP] Copy Pods Resources */,
			);
			buildRules = (
			);
			dependencies = (
			);
			name = OnWire;
			productName = OnWire;
			productReference = 3EE69FE81F5C173900C9D86D /* OnWire.app */;
			productType = "com.apple.product-type.application";
		};
/* End PBXNativeTarget section */

/* Begin PBXProject section */
		3EE69FE01F5C173900C9D86D /* Project object */ = {
			isa = PBXProject;
			attributes = {
				LastSwiftUpdateCheck = 0830;
				LastUpgradeCheck = 0900;
				ORGANIZATIONNAME = EvM;
				TargetAttributes = {
					3EE69FE71F5C173900C9D86D = {
						CreatedOnToolsVersion = 8.3.3;
						DevelopmentTeam = 34M53622EQ;
						LastSwiftMigration = 0910;
						ProvisioningStyle = Automatic;
					};
				};
			};
			buildConfigurationList = 3EE69FE31F5C173900C9D86D /* Build configuration list for PBXProject "OnWire" */;
			compatibilityVersion = "Xcode 3.2";
			developmentRegion = English;
			hasScannedForEncodings = 0;
			knownRegions = (
				en,
				Base,
			);
			mainGroup = 3EE69FDF1F5C173900C9D86D;
			productRefGroup = 3EE69FE91F5C173900C9D86D /* Products */;
			projectDirPath = "";
			projectRoot = "";
			targets = (
				3EE69FE71F5C173900C9D86D /* OnWire */,
			);
		};
/* End PBXProject section */

/* Begin PBXResourcesBuildPhase section */
		3EE69FE61F5C173900C9D86D /* Resources */ = {
			isa = PBXResourcesBuildPhase;
			buildActionMask = 2147483647;
			files = (
				3EE69FF91F5C173900C9D86D /* LaunchScreen.storyboard in Resources */,
				3EE6A0011F5C179400C9D86D /* GoogleService-Info.plist in Resources */,
				3EE69FF61F5C173900C9D86D /* Assets.xcassets in Resources */,
				3EAAD6451F5C1A3C00ED5EDD /* Main.storyboard in Resources */,
			);
			runOnlyForDeploymentPostprocessing = 0;
		};
/* End PBXResourcesBuildPhase section */

/* Begin PBXShellScriptBuildPhase section */
		3948EB991B1C4B34F11E608B /* [CP] Embed Pods Frameworks */ = {
			isa = PBXShellScriptBuildPhase;
			buildActionMask = 2147483647;
			files = (
			);
			inputPaths = (
				"${SRCROOT}/Pods/Target Support Files/Pods-OnWire/Pods-OnWire-frameworks.sh",
				"${BUILT_PRODUCTS_DIR}/GTMSessionFetcher/GTMSessionFetcher.framework",
				"${BUILT_PRODUCTS_DIR}/GoogleToolboxForMac/GoogleToolboxForMac.framework",
				"${BUILT_PRODUCTS_DIR}/leveldb-library/leveldb.framework",
				"${BUILT_PRODUCTS_DIR}/nanopb/nanopb.framework",
			);
			name = "[CP] Embed Pods Frameworks";
			outputPaths = (
				"${TARGET_BUILD_DIR}/${FRAMEWORKS_FOLDER_PATH}/GTMSessionFetcher.framework",
				"${TARGET_BUILD_DIR}/${FRAMEWORKS_FOLDER_PATH}/GoogleToolboxForMac.framework",
				"${TARGET_BUILD_DIR}/${FRAMEWORKS_FOLDER_PATH}/leveldb.framework",
				"${TARGET_BUILD_DIR}/${FRAMEWORKS_FOLDER_PATH}/nanopb.framework",
			);
			runOnlyForDeploymentPostprocessing = 0;
			shellPath = /bin/sh;
			shellScript = "\"${SRCROOT}/Pods/Target Support Files/Pods-OnWire/Pods-OnWire-frameworks.sh\"\n";
			showEnvVarsInLog = 0;
		};
		9910E3B27775C095303478CB /* [CP] Check Pods Manifest.lock */ = {
			isa = PBXShellScriptBuildPhase;
			buildActionMask = 2147483647;
			files = (
			);
			inputPaths = (
				"${PODS_PODFILE_DIR_PATH}/Podfile.lock",
				"${PODS_ROOT}/Manifest.lock",
			);
			name = "[CP] Check Pods Manifest.lock";
			outputPaths = (
				"$(DERIVED_FILE_DIR)/Pods-OnWire-checkManifestLockResult.txt",
			);
			runOnlyForDeploymentPostprocessing = 0;
			shellPath = /bin/sh;
			shellScript = "diff \"${PODS_PODFILE_DIR_PATH}/Podfile.lock\" \"${PODS_ROOT}/Manifest.lock\" > /dev/null\nif [ $? != 0 ] ; then\n    # print error to STDERR\n    echo \"error: The sandbox is not in sync with the Podfile.lock. Run 'pod install' or update your CocoaPods installation.\" >&2\n    exit 1\nfi\n# This output is used by Xcode 'outputs' to avoid re-running this script phase.\necho \"SUCCESS\" > \"${SCRIPT_OUTPUT_FILE_0}\"\n";
			showEnvVarsInLog = 0;
		};
		A91A1B027DAA927E52649535 /* [CP] Copy Pods Resources */ = {
			isa = PBXShellScriptBuildPhase;
			buildActionMask = 2147483647;
			files = (
			);
			inputPaths = (
				"${SRCROOT}/Pods/Target Support Files/Pods-OnWire/Pods-OnWire-resources.sh",
				$PODS_CONFIGURATION_BUILD_DIR/FirebaseUI/FirebaseAuthUI.bundle,
				$PODS_CONFIGURATION_BUILD_DIR/FirebaseUI/FirebaseFacebookAuthUI.bundle,
				$PODS_CONFIGURATION_BUILD_DIR/FirebaseUI/FirebaseGoogleAuthUI.bundle,
				$PODS_CONFIGURATION_BUILD_DIR/FirebaseUI/FirebasePhoneAuthUI.bundle,
				$PODS_CONFIGURATION_BUILD_DIR/FirebaseUI/FirebaseTwitterAuthUI.bundle,
				"${PODS_ROOT}/GoogleSignIn/Resources/GoogleSignIn.bundle",
				"${PODS_ROOT}/TwitterKit/iOS/TwitterKit.framework/Versions/A/Resources/TwitterKitResources.bundle",
			);
			name = "[CP] Copy Pods Resources";
			outputPaths = (
				"${TARGET_BUILD_DIR}/${UNLOCALIZED_RESOURCES_FOLDER_PATH}",
			);
			runOnlyForDeploymentPostprocessing = 0;
			shellPath = /bin/sh;
			shellScript = "\"${SRCROOT}/Pods/Target Support Files/Pods-OnWire/Pods-OnWire-resources.sh\"\n";
			showEnvVarsInLog = 0;
		};
/* End PBXShellScriptBuildPhase section */

/* Begin PBXSourcesBuildPhase section */
		3EE69FE41F5C173900C9D86D /* Sources */ = {
			isa = PBXSourcesBuildPhase;
			buildActionMask = 2147483647;
			files = (
				3E4A9F921FD4936B00C9A2AF /* BranchesViewController.swift in Sources */,
				3EAAD6411F5C19E800ED5EDD /* LoginViewController.swift in Sources */,
				3E3095BC1FCDED8F00719144 /* FirebaseListner.swift in Sources */,
				3EE69FF41F5C173900C9D86D /* OnWire.xcdatamodeld in Sources */,
				3E33DD701FD55ABE00831D88 /* BranchesTableViewCell.swift in Sources */,
				3ECB84C41FCE1B3F00B4A4E1 /* Template.m in Sources */,
				3EAAD63F1F5C19E100ED5EDD /* AccountViewController.swift in Sources */,
				3E4FADBB1FA49EF7007F26D6 /* LevelView.swift in Sources */,
				3ECB84BF1FCE193400B4A4E1 /* EMUser.swift in Sources */,
				3EB799E11FCEDC0A0075504F /* EMExperience.swift in Sources */,
				3E3095BA1FCDEA6300719144 /* FirebaseManager.swift in Sources */,
				3ECB84BD1FCE18AE00B4A4E1 /* KeychainWrapper.m in Sources */,
				3EB799E31FCEE2710075504F /* EMObject.swift in Sources */,
				3E87C7FB1FFD117B00F4710E /* ProgressView.swift in Sources */,
				3EAAD6431F5C1A0F00ED5EDD /* AppDelegate.swift in Sources */,
				3EAAD63D1F5C19D600ED5EDD /* SingUpViewController.swift in Sources */,
			);
			runOnlyForDeploymentPostprocessing = 0;
		};
/* End PBXSourcesBuildPhase section */

/* Begin PBXVariantGroup section */
		3EE69FF71F5C173900C9D86D /* LaunchScreen.storyboard */ = {
			isa = PBXVariantGroup;
			children = (
				3EE69FF81F5C173900C9D86D /* Base */,
			);
			name = LaunchScreen.storyboard;
			sourceTree = "<group>";
		};
/* End PBXVariantGroup section */

/* Begin XCBuildConfiguration section */
		3EE69FFB1F5C173900C9D86D /* Debug */ = {
			isa = XCBuildConfiguration;
			buildSettings = {
				ALWAYS_SEARCH_USER_PATHS = NO;
				CLANG_ANALYZER_NONNULL = YES;
				CLANG_ANALYZER_NUMBER_OBJECT_CONVERSION = YES_AGGRESSIVE;
				CLANG_CXX_LANGUAGE_STANDARD = "gnu++0x";
				CLANG_CXX_LIBRARY = "libc++";
				CLANG_ENABLE_MODULES = YES;
				CLANG_ENABLE_OBJC_ARC = YES;
				CLANG_WARN_BLOCK_CAPTURE_AUTORELEASING = YES;
				CLANG_WARN_BOOL_CONVERSION = YES;
				CLANG_WARN_COMMA = YES;
				CLANG_WARN_CONSTANT_CONVERSION = YES;
				CLANG_WARN_DIRECT_OBJC_ISA_USAGE = YES_ERROR;
				CLANG_WARN_DOCUMENTATION_COMMENTS = YES;
				CLANG_WARN_EMPTY_BODY = YES;
				CLANG_WARN_ENUM_CONVERSION = YES;
				CLANG_WARN_INFINITE_RECURSION = YES;
				CLANG_WARN_INT_CONVERSION = YES;
				CLANG_WARN_NON_LITERAL_NULL_CONVERSION = YES;
				CLANG_WARN_OBJC_LITERAL_CONVERSION = YES;
				CLANG_WARN_OBJC_ROOT_CLASS = YES_ERROR;
				CLANG_WARN_RANGE_LOOP_ANALYSIS = YES;
				CLANG_WARN_STRICT_PROTOTYPES = YES;
				CLANG_WARN_SUSPICIOUS_MOVE = YES;
				CLANG_WARN_UNREACHABLE_CODE = YES;
				CLANG_WARN__DUPLICATE_METHOD_MATCH = YES;
				"CODE_SIGN_IDENTITY[sdk=iphoneos*]" = "iPhone Developer";
				COPY_PHASE_STRIP = NO;
				DEBUG_INFORMATION_FORMAT = dwarf;
				ENABLE_STRICT_OBJC_MSGSEND = YES;
				ENABLE_TESTABILITY = YES;
				GCC_C_LANGUAGE_STANDARD = gnu99;
				GCC_DYNAMIC_NO_PIC = NO;
				GCC_NO_COMMON_BLOCKS = YES;
				GCC_OPTIMIZATION_LEVEL = 0;
				GCC_PREPROCESSOR_DEFINITIONS = (
					"DEBUG=1",
					"$(inherited)",
				);
				GCC_WARN_64_TO_32_BIT_CONVERSION = YES;
				GCC_WARN_ABOUT_RETURN_TYPE = YES_ERROR;
				GCC_WARN_UNDECLARED_SELECTOR = YES;
				GCC_WARN_UNINITIALIZED_AUTOS = YES_AGGRESSIVE;
				GCC_WARN_UNUSED_FUNCTION = YES;
				GCC_WARN_UNUSED_VARIABLE = YES;
				IPHONEOS_DEPLOYMENT_TARGET = 9.0;
				MTL_ENABLE_DEBUG_INFO = YES;
				ONLY_ACTIVE_ARCH = YES;
				SDKROOT = iphoneos;
				SWIFT_ACTIVE_COMPILATION_CONDITIONS = DEBUG;
				SWIFT_OPTIMIZATION_LEVEL = "-Onone";
				TARGETED_DEVICE_FAMILY = "1,2";
			};
			name = Debug;
		};
		3EE69FFC1F5C173900C9D86D /* Release */ = {
			isa = XCBuildConfiguration;
			buildSettings = {
				ALWAYS_SEARCH_USER_PATHS = NO;
				CLANG_ANALYZER_NONNULL = YES;
				CLANG_ANALYZER_NUMBER_OBJECT_CONVERSION = YES_AGGRESSIVE;
				CLANG_CXX_LANGUAGE_STANDARD = "gnu++0x";
				CLANG_CXX_LIBRARY = "libc++";
				CLANG_ENABLE_MODULES = YES;
				CLANG_ENABLE_OBJC_ARC = YES;
				CLANG_WARN_BLOCK_CAPTURE_AUTORELEASING = YES;
				CLANG_WARN_BOOL_CONVERSION = YES;
				CLANG_WARN_COMMA = YES;
				CLANG_WARN_CONSTANT_CONVERSION = YES;
				CLANG_WARN_DIRECT_OBJC_ISA_USAGE = YES_ERROR;
				CLANG_WARN_DOCUMENTATION_COMMENTS = YES;
				CLANG_WARN_EMPTY_BODY = YES;
				CLANG_WARN_ENUM_CONVERSION = YES;
				CLANG_WARN_INFINITE_RECURSION = YES;
				CLANG_WARN_INT_CONVERSION = YES;
				CLANG_WARN_NON_LITERAL_NULL_CONVERSION = YES;
				CLANG_WARN_OBJC_LITERAL_CONVERSION = YES;
				CLANG_WARN_OBJC_ROOT_CLASS = YES_ERROR;
				CLANG_WARN_RANGE_LOOP_ANALYSIS = YES;
				CLANG_WARN_STRICT_PROTOTYPES = YES;
				CLANG_WARN_SUSPICIOUS_MOVE = YES;
				CLANG_WARN_UNREACHABLE_CODE = YES;
				CLANG_WARN__DUPLICATE_METHOD_MATCH = YES;
				"CODE_SIGN_IDENTITY[sdk=iphoneos*]" = "iPhone Developer";
				COPY_PHASE_STRIP = NO;
				DEBUG_INFORMATION_FORMAT = "dwarf-with-dsym";
				ENABLE_NS_ASSERTIONS = NO;
				ENABLE_STRICT_OBJC_MSGSEND = YES;
				GCC_C_LANGUAGE_STANDARD = gnu99;
				GCC_NO_COMMON_BLOCKS = YES;
				GCC_WARN_64_TO_32_BIT_CONVERSION = YES;
				GCC_WARN_ABOUT_RETURN_TYPE = YES_ERROR;
				GCC_WARN_UNDECLARED_SELECTOR = YES;
				GCC_WARN_UNINITIALIZED_AUTOS = YES_AGGRESSIVE;
				GCC_WARN_UNUSED_FUNCTION = YES;
				GCC_WARN_UNUSED_VARIABLE = YES;
				IPHONEOS_DEPLOYMENT_TARGET = 9.0;
				MTL_ENABLE_DEBUG_INFO = NO;
				SDKROOT = iphoneos;
				SWIFT_OPTIMIZATION_LEVEL = "-Owholemodule";
				TARGETED_DEVICE_FAMILY = "1,2";
				VALIDATE_PRODUCT = YES;
			};
			name = Release;
		};
		3EE69FFE1F5C173900C9D86D /* Debug */ = {
			isa = XCBuildConfiguration;
			baseConfigurationReference = 647294EC7E2470F6AA34778B /* Pods-OnWire.debug.xcconfig */;
			buildSettings = {
				ASSETCATALOG_COMPILER_APPICON_NAME = AppIcon;
				CLANG_ENABLE_MODULES = YES;
				DEVELOPMENT_TEAM = 34M53622EQ;
				FRAMEWORK_SEARCH_PATHS = "$(inherited)";
				INFOPLIST_FILE = OnWire/Info.plist;
				IPHONEOS_DEPLOYMENT_TARGET = 9.0;
				LD_RUNPATH_SEARCH_PATHS = "$(inherited) @executable_path/Frameworks";
				PRODUCT_BUNDLE_IDENTIFIER = com.EvM.OnWire;
				PRODUCT_NAME = "$(TARGET_NAME)";
				SWIFT_OBJC_BRIDGING_HEADER = "OnWire/OnWire-Bridging-Header.h";
				SWIFT_OPTIMIZATION_LEVEL = "-Onone";
				SWIFT_SWIFT3_OBJC_INFERENCE = Default;
				SWIFT_VERSION = 4.0;
			};
			name = Debug;
		};
		3EE69FFF1F5C173900C9D86D /* Release */ = {
			isa = XCBuildConfiguration;
			baseConfigurationReference = 7EB129F554B81174AFF6076C /* Pods-OnWire.release.xcconfig */;
			buildSettings = {
				ASSETCATALOG_COMPILER_APPICON_NAME = AppIcon;
				CLANG_ENABLE_MODULES = YES;
				DEVELOPMENT_TEAM = 34M53622EQ;
				FRAMEWORK_SEARCH_PATHS = "$(inherited)";
				INFOPLIST_FILE = OnWire/Info.plist;
				IPHONEOS_DEPLOYMENT_TARGET = 9.0;
				LD_RUNPATH_SEARCH_PATHS = "$(inherited) @executable_path/Frameworks";
				PRODUCT_BUNDLE_IDENTIFIER = com.EvM.OnWire;
				PRODUCT_NAME = "$(TARGET_NAME)";
				SWIFT_OBJC_BRIDGING_HEADER = "OnWire/OnWire-Bridging-Header.h";
				SWIFT_SWIFT3_OBJC_INFERENCE = Default;
				SWIFT_VERSION = 4.0;
			};
			name = Release;
		};
/* End XCBuildConfiguration section */

/* Begin XCConfigurationList section */
		3EE69FE31F5C173900C9D86D /* Build configuration list for PBXProject "OnWire" */ = {
			isa = XCConfigurationList;
			buildConfigurations = (
				3EE69FFB1F5C173900C9D86D /* Debug */,
				3EE69FFC1F5C173900C9D86D /* Release */,
			);
			defaultConfigurationIsVisible = 0;
			defaultConfigurationName = Release;
		};
		3EE69FFD1F5C173900C9D86D /* Build configuration list for PBXNativeTarget "OnWire" */ = {
			isa = XCConfigurationList;
			buildConfigurations = (
				3EE69FFE1F5C173900C9D86D /* Debug */,
				3EE69FFF1F5C173900C9D86D /* Release */,
			);
			defaultConfigurationIsVisible = 0;
			defaultConfigurationName = Release;
		};
/* End XCConfigurationList section */

/* Begin XCVersionGroup section */
		3EE69FF21F5C173900C9D86D /* OnWire.xcdatamodeld */ = {
			isa = XCVersionGroup;
			children = (
				3EE69FF31F5C173900C9D86D /* OnWire.xcdatamodel */,
			);
			currentVersion = 3EE69FF31F5C173900C9D86D /* OnWire.xcdatamodel */;
			path = OnWire.xcdatamodeld;
			sourceTree = "<group>";
			versionGroupType = wrapper.xcdatamodel;
		};
/* End XCVersionGroup section */
	};
	rootObject = 3EE69FE01F5C173900C9D86D /* Project object */;
}
